<?xml version="1.0" encoding="utf-8"?>
<Project ToolsVersion="4.0" xmlns="http://schemas.microsoft.com/developer/msbuild/2003">
  <ItemGroup>
    <Filter Include="ソース ファイル">
      <UniqueIdentifier>{4FC737F1-C7A5-4376-A066-2A32D752A2FF}</UniqueIdentifier>
      <Extensions>cpp;c;cc;cxx;c++;cppm;ixx;def;odl;idl;hpj;bat;asm;asmx</Extensions>
    </Filter>
    <Filter Include="ソース ファイル\Scene">
      <UniqueIdentifier>{056c6915-7d9c-4f88-b131-9a8c54e9b0cd}</UniqueIdentifier>
    </Filter>
    <Filter Include="ソース ファイル\Component">
      <UniqueIdentifier>{5a98d0ea-849b-404d-81ed-452c0a458770}</UniqueIdentifier>
    </Filter>
    <Filter Include="ソース ファイル\Object">
      <UniqueIdentifier>{3eaf8851-d3b8-487f-a800-cef75b89cfc1}</UniqueIdentifier>
    </Filter>
    <Filter Include="ソース ファイル\System">
      <UniqueIdentifier>{741cdef5-6fb9-4a4d-86b3-7d8589b53530}</UniqueIdentifier>
    </Filter>
    <Filter Include="ソース ファイル\Component\Collision">
      <UniqueIdentifier>{c09e2873-7f01-4969-bd8a-379370233c4a}</UniqueIdentifier>
    </Filter>
    <Filter Include="ソース ファイル\imgui">
      <UniqueIdentifier>{1ee1289b-b3ea-46e2-8ae8-d8c1a188dac7}</UniqueIdentifier>
    </Filter>
    <Filter Include="ソース ファイル\imgui\backend">
      <UniqueIdentifier>{793c5ae9-ab62-42f4-a2f4-64539d1311b8}</UniqueIdentifier>
    </Filter>
    <Filter Include="ソース ファイル\Shader">
      <UniqueIdentifier>{6b9d3d32-c1ed-4e1b-89a8-7960c7d60b43}</UniqueIdentifier>
    </Filter>
    <Filter Include="ソース ファイル\Component\Draw">
      <UniqueIdentifier>{258de4d3-7a10-4270-b351-2cd560ad3cbc}</UniqueIdentifier>
    </Filter>
    <Filter Include="ソース ファイル\Object\Enemy">
      <UniqueIdentifier>{fa1c1ae4-08fa-459a-8438-7d528357e711}</UniqueIdentifier>
    </Filter>
    <Filter Include="ソース ファイル\Object\Placement">
      <UniqueIdentifier>{facb0b3a-aeb8-4e73-80e8-ee3f96ada519}</UniqueIdentifier>
    </Filter>
  </ItemGroup>
  <ItemGroup>
    <ClInclude Include="Source\Manager.h">
      <Filter>ソース ファイル</Filter>
    </ClInclude>
    <ClInclude Include="Source\Polygon2D.h">
      <Filter>ソース ファイル</Filter>
    </ClInclude>
    <ClInclude Include="Source\ResourceManager.h">
      <Filter>ソース ファイル</Filter>
    </ClInclude>
    <ClInclude Include="Source\Utility.h">
      <Filter>ソース ファイル</Filter>
    </ClInclude>
    <ClInclude Include="Source\ObjectPlacementUI.h">
      <Filter>ソース ファイル</Filter>
    </ClInclude>
    <ClInclude Include="Source\GameUI.h">
      <Filter>ソース ファイル</Filter>
    </ClInclude>
    <ClInclude Include="Source\CollisionManager.h">
      <Filter>ソース ファイル</Filter>
    </ClInclude>
    <ClInclude Include="Source\SerializeManager.h">
      <Filter>ソース ファイル</Filter>
    </ClInclude>
    <ClInclude Include="Source\imgui\imgui.h">
      <Filter>ソース ファイル\imgui</Filter>
    </ClInclude>
    <ClInclude Include="Source\imgui\imgui_internal.h">
      <Filter>ソース ファイル\imgui</Filter>
    </ClInclude>
    <ClInclude Include="Source\imgui\imconfig.h">
      <Filter>ソース ファイル\imgui</Filter>
    </ClInclude>
    <ClInclude Include="Source\imgui\backends\imgui_impl_win32.h">
      <Filter>ソース ファイル\imgui\backend</Filter>
    </ClInclude>
    <ClInclude Include="Source\imgui\backends\imgui_impl_dx11.h">
      <Filter>ソース ファイル\imgui\backend</Filter>
    </ClInclude>
    <ClInclude Include="Source\Component\Draw\DrawGeometry.h">
      <Filter>ソース ファイル\Component\Draw</Filter>
    </ClInclude>
    <ClInclude Include="Source\Component\Draw\DrawModel.h">
      <Filter>ソース ファイル\Component\Draw</Filter>
    </ClInclude>
    <ClInclude Include="Source\Component\Draw\Draw2DPolygon.h">
      <Filter>ソース ファイル\Component\Draw</Filter>
    </ClInclude>
    <ClInclude Include="Source\Component\Draw\DrawAnimationModel.h">
      <Filter>ソース ファイル\Component\Draw</Filter>
    </ClInclude>
    <ClInclude Include="Source\Component\Draw\DrawBillboard.h">
      <Filter>ソース ファイル\Component\Draw</Filter>
    </ClInclude>
    <ClInclude Include="Source\CollisionUtility.h">
      <Filter>ソース ファイル</Filter>
    </ClInclude>
    <ClInclude Include="Source\Component\Collision\OBBCollision.h">
      <Filter>ソース ファイル\Component\Collision</Filter>
    </ClInclude>
    <ClInclude Include="Source\Component\Collision\SphereCollision.h">
      <Filter>ソース ファイル\Component\Collision</Filter>
    </ClInclude>
    <ClInclude Include="Source\Component\Collision\RayCollision.h">
      <Filter>ソース ファイル\Component\Collision</Filter>
    </ClInclude>
    <ClInclude Include="Source\Component\Collision\AABBCollision.h">
      <Filter>ソース ファイル\Component\Collision</Filter>
    </ClInclude>
    <ClInclude Include="Source\Component\Collision\CapsuleCollision.h">
      <Filter>ソース ファイル\Component\Collision</Filter>
    </ClInclude>
    <ClInclude Include="Source\Component\Collision\CollisionComponent.h">
      <Filter>ソース ファイル\Component\Collision</Filter>
    </ClInclude>
    <ClInclude Include="Source\Component\Component.h">
      <Filter>ソース ファイル\Component</Filter>
    </ClInclude>
    <ClInclude Include="Source\Component\Rigidbody.h">
      <Filter>ソース ファイル\Component</Filter>
    </ClInclude>
    <ClInclude Include="Source\Component\Transform.h">
      <Filter>ソース ファイル\Component</Filter>
    </ClInclude>
    <ClInclude Include="Source\Scene\Scene.h">
      <Filter>ソース ファイル\Scene</Filter>
    </ClInclude>
    <ClInclude Include="Source\Scene\Result.h">
      <Filter>ソース ファイル\Scene</Filter>
    </ClInclude>
    <ClInclude Include="Source\Scene\Game.h">
      <Filter>ソース ファイル\Scene</Filter>
    </ClInclude>
    <ClInclude Include="Source\Scene\Title.h">
      <Filter>ソース ファイル\Scene</Filter>
    </ClInclude>
    <ClInclude Include="Source\System\strconv.h">
      <Filter>ソース ファイル\System</Filter>
    </ClInclude>
    <ClInclude Include="Source\System\stdafx.h">
      <Filter>ソース ファイル\System</Filter>
    </ClInclude>
    <ClInclude Include="Source\System\Structures.h">
      <Filter>ソース ファイル\System</Filter>
    </ClInclude>
    <ClInclude Include="Source\System\Singleton.h">
      <Filter>ソース ファイル\System</Filter>
    </ClInclude>
    <ClInclude Include="Source\System\AnimationModel.h">
      <Filter>ソース ファイル\System</Filter>
    </ClInclude>
    <ClInclude Include="Source\System\CAudio.h">
      <Filter>ソース ファイル\System</Filter>
    </ClInclude>
    <ClInclude Include="Source\System\Input.h">
      <Filter>ソース ファイル\System</Filter>
    </ClInclude>
    <ClInclude Include="Source\System\CModel.h">
      <Filter>ソース ファイル\System</Filter>
    </ClInclude>
    <ClInclude Include="Source\System\Renderer.h">
      <Filter>ソース ファイル\System</Filter>
    </ClInclude>
    <ClInclude Include="Source\System\StaticDataTable.h">
      <Filter>ソース ファイル\System</Filter>
    </ClInclude>
    <ClInclude Include="Source\GameObject.h">
      <Filter>ソース ファイル</Filter>
    </ClInclude>
    <ClInclude Include="Source\Component\SerializeComponent.h">
      <Filter>ソース ファイル\Component</Filter>
    </ClInclude>
    <ClInclude Include="Source\Object\Explosion.h">
      <Filter>ソース ファイル\Object</Filter>
    </ClInclude>
    <ClInclude Include="Source\Object\MeshField.h">
      <Filter>ソース ファイル\Object</Filter>
    </ClInclude>
    <ClInclude Include="Source\Object\Player.h">
      <Filter>ソース ファイル\Object</Filter>
    </ClInclude>
    <ClInclude Include="Source\Object\SkyDome.h">
      <Filter>ソース ファイル\Object</Filter>
    </ClInclude>
    <ClInclude Include="Source\Object\Tree.h">
      <Filter>ソース ファイル\Object</Filter>
    </ClInclude>
    <ClInclude Include="Source\Object\Stair.h">
      <Filter>ソース ファイル\Object</Filter>
    </ClInclude>
    <ClInclude Include="Source\Object\BlankObject.h">
      <Filter>ソース ファイル\Object</Filter>
    </ClInclude>
    <ClInclude Include="Source\Object\Bullet.h">
      <Filter>ソース ファイル\Object</Filter>
    </ClInclude>
    <ClInclude Include="Source\Object\ChildObject.h">
      <Filter>ソース ファイル\Object</Filter>
    </ClInclude>
    <ClInclude Include="Source\Object\Camera.h">
      <Filter>ソース ファイル\Object</Filter>
    </ClInclude>
    <ClInclude Include="Source\Object\DefenceBase.h">
      <Filter>ソース ファイル\Object</Filter>
    </ClInclude>
    <ClInclude Include="Source\Object\Field.h">
      <Filter>ソース ファイル\Object</Filter>
    </ClInclude>
    <ClInclude Include="Turret.h">
      <Filter>ソース ファイル\Object</Filter>
    </ClInclude>
    <ClInclude Include="Source\Main.h">
      <Filter>ソース ファイル</Filter>
    </ClInclude>
    <ClInclude Include="Source\Object\Enemy\EnemyStateBase.h">
      <Filter>ソース ファイル\Object\Enemy</Filter>
    </ClInclude>
    <ClInclude Include="Source\Object\Enemy\EnemyMoveToTarget.h">
      <Filter>ソース ファイル\Object\Enemy</Filter>
    </ClInclude>
    <ClInclude Include="Source\Object\Enemy\Enemy.h">
      <Filter>ソース ファイル\Object\Enemy</Filter>
    </ClInclude>
    <ClInclude Include="Source\Object\Placement\PlacementObjectSnap.h">
      <Filter>ソース ファイル\Object\Placement</Filter>
    </ClInclude>
    <ClInclude Include="Source\Object\Placement\Wall.h">
      <Filter>ソース ファイル\Object\Placement</Filter>
    </ClInclude>
    <ClInclude Include="Source\Object\Placement\Foundation.h">
      <Filter>ソース ファイル\Object\Placement</Filter>
    </ClInclude>
  </ItemGroup>
  <ItemGroup>
    <ClCompile Include="Source\Manager.cpp">
      <Filter>ソース ファイル</Filter>
    </ClCompile>
    <ClCompile Include="Source\Polygon2D.cpp">
      <Filter>ソース ファイル</Filter>
    </ClCompile>
    <ClCompile Include="Source\ResourceManager.cpp">
      <Filter>ソース ファイル</Filter>
    </ClCompile>
    <ClCompile Include="Source\Utility.cpp">
      <Filter>ソース ファイル</Filter>
    </ClCompile>
    <ClCompile Include="Source\ObjectPlacementUI.cpp">
      <Filter>ソース ファイル</Filter>
    </ClCompile>
    <ClCompile Include="Source\GameUI.cpp">
      <Filter>ソース ファイル</Filter>
    </ClCompile>
    <ClCompile Include="Source\CollisionManager.cpp">
      <Filter>ソース ファイル</Filter>
    </ClCompile>
    <ClCompile Include="Source\SerializeManager.cpp">
      <Filter>ソース ファイル</Filter>
    </ClCompile>
    <ClCompile Include="Source\imgui\imgui.cpp">
      <Filter>ソース ファイル\imgui</Filter>
    </ClCompile>
    <ClCompile Include="Source\imgui\imgui_draw.cpp">
      <Filter>ソース ファイル\imgui</Filter>
    </ClCompile>
    <ClCompile Include="Source\imgui\imgui_tables.cpp">
      <Filter>ソース ファイル\imgui</Filter>
    </ClCompile>
    <ClCompile Include="Source\imgui\imgui_widgets.cpp">
      <Filter>ソース ファイル\imgui</Filter>
    </ClCompile>
    <ClCompile Include="Source\imgui\backends\imgui_impl_win32.cpp">
      <Filter>ソース ファイル\imgui\backend</Filter>
    </ClCompile>
    <ClCompile Include="Source\imgui\backends\imgui_impl_dx11.cpp">
      <Filter>ソース ファイル\imgui\backend</Filter>
    </ClCompile>
    <ClCompile Include="Source\Component\Draw\DrawGeometry.cpp">
      <Filter>ソース ファイル\Component\Draw</Filter>
    </ClCompile>
    <ClCompile Include="Source\Component\Draw\DrawModel.cpp">
      <Filter>ソース ファイル\Component\Draw</Filter>
    </ClCompile>
    <ClCompile Include="Source\Component\Draw\Draw2DPolygon.cpp">
      <Filter>ソース ファイル\Component\Draw</Filter>
    </ClCompile>
    <ClCompile Include="Source\Component\Draw\DrawAnimationModel.cpp">
      <Filter>ソース ファイル\Component\Draw</Filter>
    </ClCompile>
    <ClCompile Include="Source\Component\Draw\DrawBillboard.cpp">
      <Filter>ソース ファイル\Component\Draw</Filter>
    </ClCompile>
    <ClCompile Include="Source\CollisionUtility.cpp">
      <Filter>ソース ファイル</Filter>
    </ClCompile>
    <ClCompile Include="Source\Component\Collision\SphereCollision.cpp">
      <Filter>ソース ファイル\Component\Collision</Filter>
    </ClCompile>
    <ClCompile Include="Source\Component\Collision\RayCollision.cpp">
      <Filter>ソース ファイル\Component\Collision</Filter>
    </ClCompile>
    <ClCompile Include="Source\Component\Collision\AABBCollision.cpp">
      <Filter>ソース ファイル\Component\Collision</Filter>
    </ClCompile>
    <ClCompile Include="Source\Component\Collision\CapsuleCollision.cpp">
      <Filter>ソース ファイル\Component\Collision</Filter>
    </ClCompile>
    <ClCompile Include="Source\Component\Collision\CollisionComponent.cpp">
      <Filter>ソース ファイル\Component\Collision</Filter>
    </ClCompile>
    <ClCompile Include="Source\Component\Collision\OBBCollision.cpp">
      <Filter>ソース ファイル\Component\Collision</Filter>
    </ClCompile>
    <ClCompile Include="Source\Component\Component.cpp">
      <Filter>ソース ファイル\Component</Filter>
    </ClCompile>
    <ClCompile Include="Source\Component\Rigidbody.cpp">
      <Filter>ソース ファイル\Component</Filter>
    </ClCompile>
    <ClCompile Include="Source\Component\Transform.cpp">
      <Filter>ソース ファイル\Component</Filter>
    </ClCompile>
    <ClCompile Include="Source\Scene\Title.cpp">
      <Filter>ソース ファイル\Scene</Filter>
    </ClCompile>
    <ClCompile Include="Source\Scene\Result.cpp">
      <Filter>ソース ファイル\Scene</Filter>
    </ClCompile>
    <ClCompile Include="Source\Scene\Game.cpp">
      <Filter>ソース ファイル\Scene</Filter>
    </ClCompile>
    <ClCompile Include="Source\System\StaticDataTable.cpp">
      <Filter>ソース ファイル\System</Filter>
    </ClCompile>
    <ClCompile Include="Source\System\Structures.cpp">
      <Filter>ソース ファイル\System</Filter>
    </ClCompile>
    <ClCompile Include="Source\System\stdafx.cpp">
      <Filter>ソース ファイル\System</Filter>
    </ClCompile>
    <ClCompile Include="Source\System\AnimationModel.cpp">
      <Filter>ソース ファイル\System</Filter>
    </ClCompile>
    <ClCompile Include="Source\System\CAudio.cpp">
      <Filter>ソース ファイル\System</Filter>
    </ClCompile>
    <ClCompile Include="Source\System\Input.cpp">
      <Filter>ソース ファイル\System</Filter>
    </ClCompile>
    <ClCompile Include="Source\System\CModel.cpp">
      <Filter>ソース ファイル\System</Filter>
    </ClCompile>
    <ClCompile Include="Source\System\Renderer.cpp">
      <Filter>ソース ファイル\System</Filter>
    </ClCompile>
    <ClCompile Include="Source\Component\SerializeComponent.cpp">
      <Filter>ソース ファイル\Component</Filter>
    </ClCompile>
    <ClCompile Include="Source\Object\Explosion.cpp">
      <Filter>ソース ファイル\Object</Filter>
    </ClCompile>
    <ClCompile Include="Source\Object\MeshField.cpp">
      <Filter>ソース ファイル\Object</Filter>
    </ClCompile>
    <ClCompile Include="Source\Object\Player.cpp">
      <Filter>ソース ファイル\Object</Filter>
    </ClCompile>
    <ClCompile Include="Source\Object\SkyDome.cpp">
      <Filter>ソース ファイル\Object</Filter>
    </ClCompile>
    <ClCompile Include="Source\Object\Tree.cpp">
      <Filter>ソース ファイル\Object</Filter>
    </ClCompile>
    <ClCompile Include="Source\Object\Stair.cpp">
      <Filter>ソース ファイル\Object</Filter>
    </ClCompile>
    <ClCompile Include="Source\Object\Bullet.cpp">
      <Filter>ソース ファイル\Object</Filter>
    </ClCompile>
    <ClCompile Include="Source\Object\BlankObject.cpp">
      <Filter>ソース ファイル\Object</Filter>
    </ClCompile>
    <ClCompile Include="Source\Object\ChildObject.cpp">
      <Filter>ソース ファイル\Object</Filter>
    </ClCompile>
    <ClCompile Include="Source\Object\Camera.cpp">
      <Filter>ソース ファイル\Object</Filter>
    </ClCompile>
    <ClCompile Include="Source\Object\DefenceBase.cpp">
      <Filter>ソース ファイル\Object</Filter>
    </ClCompile>
    <ClCompile Include="Source\Object\Field.cpp">
      <Filter>ソース ファイル\Object</Filter>
    </ClCompile>
    <ClCompile Include="Turret.cpp">
      <Filter>ソース ファイル\Object</Filter>
    </ClCompile>
    <ClCompile Include="Source\Main.cpp">
      <Filter>ソース ファイル</Filter>
    </ClCompile>
    <ClCompile Include="Source\Object\Enemy\EnemyMoveToTarget.cpp">
      <Filter>ソース ファイル\Object\Enemy</Filter>
    </ClCompile>
    <ClCompile Include="Source\Object\Enemy\Enemy.cpp">
      <Filter>ソース ファイル\Object\Enemy</Filter>
    </ClCompile>
    <ClCompile Include="Source\Object\Placement\PlacementObjectSnap.cpp">
      <Filter>ソース ファイル\Object\Placement</Filter>
    </ClCompile>
    <ClCompile Include="Source\Object\Placement\Wall.cpp">
      <Filter>ソース ファイル\Object\Placement</Filter>
    </ClCompile>
    <ClCompile Include="Source\Object\Placement\Foundation.cpp">
      <Filter>ソース ファイル\Object\Placement</Filter>
    </ClCompile>
  </ItemGroup>
  <ItemGroup>
    <FxCompile Include="Shader\common.hlsl">
      <Filter>ソース ファイル\Shader</Filter>
    </FxCompile>
    <FxCompile Include="Shader\pixelLightingPS.hlsl">
      <Filter>ソース ファイル\Shader</Filter>
    </FxCompile>
    <FxCompile Include="Shader\pixelLightingVS.hlsl">
      <Filter>ソース ファイル\Shader</Filter>
    </FxCompile>
    <FxCompile Include="Shader\unlitTexturePS.hlsl">
      <Filter>ソース ファイル\Shader</Filter>
    </FxCompile>
    <FxCompile Include="Shader\unlitTextureVS.hlsl">
      <Filter>ソース ファイル\Shader</Filter>
    </FxCompile>
    <FxCompile Include="Shader\vertexLightingPS.hlsl">
      <Filter>ソース ファイル\Shader</Filter>
    </FxCompile>
    <FxCompile Include="Shader\vertexLightingVS.hlsl">
      <Filter>ソース ファイル\Shader</Filter>
    </FxCompile>
    <FxCompile Include="Shader\NormalMappingVS.hlsl">
      <Filter>ソース ファイル\Shader</Filter>
    </FxCompile>
    <FxCompile Include="Shader\NormalMappingPS.hlsl">
      <Filter>ソース ファイル\Shader</Filter>
    </FxCompile>
    <FxCompile Include="Shader\EnvMappingVS.hlsl">
      <Filter>ソース ファイル\Shader</Filter>
    </FxCompile>
    <FxCompile Include="Shader\EnvMappingPS.hlsl">
      <Filter>ソース ファイル\Shader</Filter>
    </FxCompile>
  </ItemGroup>
  <ItemGroup>
    <None Include="packages.config" />
  </ItemGroup>
</Project>